
Microsoft Visual Studio Solution File, Format Version 12.00
# Visual Studio Version 17
VisualStudioVersion = 17.13.35825.156
MinimumVisualStudioVersion = 10.0.40219.1
Project("{FAE04EC0-301F-11D3-BF4B-00C04F79EFBC}") = "MEligibilityPlatform", "MEligibilityPlatform.csproj", "{3C4A5D5F-5869-455D-863A-15F12B21EB0F}"
EndProject
Project("{FAE04EC0-301F-11D3-BF4B-00C04F79EFBC}") = "MEligibilityPlatform.Application", "..\EligibilityPlatform.Application\MEligibilityPlatform.Application.csproj", "{0ACD38E5-7886-4519-858C-DAB60F53F5DB}"
EndProject
Project("{FAE04EC0-301F-11D3-BF4B-00C04F79EFBC}") = "MEligibilityPlatform.Domain", "..\EligibilityPlatform.Domain\MEligibilityPlatform.Domain.csproj", "{3DCD13E7-F800-4927-9344-005D23AC3295}"
EndProject
Project("{FAE04EC0-301F-11D3-BF4B-00C04F79EFBC}") = "MEligibilityPlatform.Infrastructure", "..\EligibilityPlatform.Infrastructure\MEligibilityPlatform.Infrastructure.csproj", "{4E5A22C6-3133-4B44-83F0-331EF388DD47}"
EndProject
Project("{FAE04EC0-301F-11D3-BF4B-00C04F79EFBC}") = "EligibilityPlatform.Tests", "..\EligibilityPlatform.Tests\EligibilityPlatform.Tests.csproj", "{925D647E-925A-4DFF-8AB1-D4A8D5F156CF}"
EndProject
Global
	GlobalSection(SolutionConfigurationPlatforms) = preSolution
		Debug|Any CPU = Debug|Any CPU
		Debug|x64 = Debug|x64
		Debug|x86 = Debug|x86
		Release|Any CPU = Release|Any CPU
		Release|x64 = Release|x64
		Release|x86 = Release|x86
	EndGlobalSection
	GlobalSection(ProjectConfigurationPlatforms) = postSolution
		{3C4A5D5F-5869-455D-863A-15F12B21EB0F}.Debug|Any CPU.ActiveCfg = Debug|Any CPU
		{3C4A5D5F-5869-455D-863A-15F12B21EB0F}.Debug|Any CPU.Build.0 = Debug|Any CPU
		{3C4A5D5F-5869-455D-863A-15F12B21EB0F}.Debug|x64.ActiveCfg = Debug|Any CPU
		{3C4A5D5F-5869-455D-863A-15F12B21EB0F}.Debug|x64.Build.0 = Debug|Any CPU
		{3C4A5D5F-5869-455D-863A-15F12B21EB0F}.Debug|x86.ActiveCfg = Debug|Any CPU
		{3C4A5D5F-5869-455D-863A-15F12B21EB0F}.Debug|x86.Build.0 = Debug|Any CPU
		{3C4A5D5F-5869-455D-863A-15F12B21EB0F}.Release|Any CPU.ActiveCfg = Release|Any CPU
		{3C4A5D5F-5869-455D-863A-15F12B21EB0F}.Release|Any CPU.Build.0 = Release|Any CPU
		{3C4A5D5F-5869-455D-863A-15F12B21EB0F}.Release|x64.ActiveCfg = Release|Any CPU
		{3C4A5D5F-5869-455D-863A-15F12B21EB0F}.Release|x64.Build.0 = Release|Any CPU
		{3C4A5D5F-5869-455D-863A-15F12B21EB0F}.Release|x86.ActiveCfg = Release|Any CPU
		{3C4A5D5F-5869-455D-863A-15F12B21EB0F}.Release|x86.Build.0 = Release|Any CPU
		{0ACD38E5-7886-4519-858C-DAB60F53F5DB}.Debug|Any CPU.ActiveCfg = Debug|Any CPU
		{0ACD38E5-7886-4519-858C-DAB60F53F5DB}.Debug|Any CPU.Build.0 = Debug|Any CPU
		{0ACD38E5-7886-4519-858C-DAB60F53F5DB}.Debug|x64.ActiveCfg = Debug|Any CPU
		{0ACD38E5-7886-4519-858C-DAB60F53F5DB}.Debug|x64.Build.0 = Debug|Any CPU
		{0ACD38E5-7886-4519-858C-DAB60F53F5DB}.Debug|x86.ActiveCfg = Debug|Any CPU
		{0ACD38E5-7886-4519-858C-DAB60F53F5DB}.Debug|x86.Build.0 = Debug|Any CPU
		{0ACD38E5-7886-4519-858C-DAB60F53F5DB}.Release|Any CPU.ActiveCfg = Release|Any CPU
		{0ACD38E5-7886-4519-858C-DAB60F53F5DB}.Release|Any CPU.Build.0 = Release|Any CPU
		{0ACD38E5-7886-4519-858C-DAB60F53F5DB}.Release|x64.ActiveCfg = Release|Any CPU
		{0ACD38E5-7886-4519-858C-DAB60F53F5DB}.Release|x64.Build.0 = Release|Any CPU
		{0ACD38E5-7886-4519-858C-DAB60F53F5DB}.Release|x86.ActiveCfg = Release|Any CPU
		{0ACD38E5-7886-4519-858C-DAB60F53F5DB}.Release|x86.Build.0 = Release|Any CPU
		{3DCD13E7-F800-4927-9344-005D23AC3295}.Debug|Any CPU.ActiveCfg = Debug|Any CPU
		{3DCD13E7-F800-4927-9344-005D23AC3295}.Debug|Any CPU.Build.0 = Debug|Any CPU
		{3DCD13E7-F800-4927-9344-005D23AC3295}.Debug|x64.ActiveCfg = Debug|Any CPU
		{3DCD13E7-F800-4927-9344-005D23AC3295}.Debug|x64.Build.0 = Debug|Any CPU
		{3DCD13E7-F800-4927-9344-005D23AC3295}.Debug|x86.ActiveCfg = Debug|Any CPU
		{3DCD13E7-F800-4927-9344-005D23AC3295}.Debug|x86.Build.0 = Debug|Any CPU
		{3DCD13E7-F800-4927-9344-005D23AC3295}.Release|Any CPU.ActiveCfg = Release|Any CPU
		{3DCD13E7-F800-4927-9344-005D23AC3295}.Release|Any CPU.Build.0 = Release|Any CPU
		{3DCD13E7-F800-4927-9344-005D23AC3295}.Release|x64.ActiveCfg = Release|Any CPU
		{3DCD13E7-F800-4927-9344-005D23AC3295}.Release|x64.Build.0 = Release|Any CPU
		{3DCD13E7-F800-4927-9344-005D23AC3295}.Release|x86.ActiveCfg = Release|Any CPU
		{3DCD13E7-F800-4927-9344-005D23AC3295}.Release|x86.Build.0 = Release|Any CPU
		{4E5A22C6-3133-4B44-83F0-331EF388DD47}.Debug|Any CPU.ActiveCfg = Debug|Any CPU
		{4E5A22C6-3133-4B44-83F0-331EF388DD47}.Debug|Any CPU.Build.0 = Debug|Any CPU
		{4E5A22C6-3133-4B44-83F0-331EF388DD47}.Debug|x64.ActiveCfg = Debug|Any CPU
		{4E5A22C6-3133-4B44-83F0-331EF388DD47}.Debug|x64.Build.0 = Debug|Any CPU
		{4E5A22C6-3133-4B44-83F0-331EF388DD47}.Debug|x86.ActiveCfg = Debug|Any CPU
		{4E5A22C6-3133-4B44-83F0-331EF388DD47}.Debug|x86.Build.0 = Debug|Any CPU
		{4E5A22C6-3133-4B44-83F0-331EF388DD47}.Release|Any CPU.ActiveCfg = Release|Any CPU
		{4E5A22C6-3133-4B44-83F0-331EF388DD47}.Release|Any CPU.Build.0 = Release|Any CPU
		{4E5A22C6-3133-4B44-83F0-331EF388DD47}.Release|x64.ActiveCfg = Release|Any CPU
		{4E5A22C6-3133-4B44-83F0-331EF388DD47}.Release|x64.Build.0 = Release|Any CPU
		{4E5A22C6-3133-4B44-83F0-331EF388DD47}.Release|x86.ActiveCfg = Release|Any CPU
		{4E5A22C6-3133-4B44-83F0-331EF388DD47}.Release|x86.Build.0 = Release|Any CPU
		{925D647E-925A-4DFF-8AB1-D4A8D5F156CF}.Debug|Any CPU.ActiveCfg = Debug|Any CPU
		{925D647E-925A-4DFF-8AB1-D4A8D5F156CF}.Debug|Any CPU.Build.0 = Debug|Any CPU
		{925D647E-925A-4DFF-8AB1-D4A8D5F156CF}.Debug|x64.ActiveCfg = Debug|Any CPU
		{925D647E-925A-4DFF-8AB1-D4A8D5F156CF}.Debug|x64.Build.0 = Debug|Any CPU
		{925D647E-925A-4DFF-8AB1-D4A8D5F156CF}.Debug|x86.ActiveCfg = Debug|Any CPU
		{925D647E-925A-4DFF-8AB1-D4A8D5F156CF}.Debug|x86.Build.0 = Debug|Any CPU
		{925D647E-925A-4DFF-8AB1-D4A8D5F156CF}.Release|Any CPU.ActiveCfg = Release|Any CPU
		{925D647E-925A-4DFF-8AB1-D4A8D5F156CF}.Release|Any CPU.Build.0 = Release|Any CPU
		{925D647E-925A-4DFF-8AB1-D4A8D5F156CF}.Release|x64.ActiveCfg = Release|Any CPU
		{925D647E-925A-4DFF-8AB1-D4A8D5F156CF}.Release|x64.Build.0 = Release|Any CPU
		{925D647E-925A-4DFF-8AB1-D4A8D5F156CF}.Release|x86.ActiveCfg = Release|Any CPU
		{925D647E-925A-4DFF-8AB1-D4A8D5F156CF}.Release|x86.Build.0 = Release|Any CPU
	EndGlobalSection
	GlobalSection(SolutionProperties) = preSolution
		HideSolutionNode = FALSE
	EndGlobalSection
	GlobalSection(ExtensibilityGlobals) = postSolution
		SolutionGuid = {1A3A8040-2912-4001-8B6D-A2A307508908}
	EndGlobalSection
EndGlobal
